
Microsoft Visual Studio Solution File, Format Version 12.00
# Visual Studio Version 17
VisualStudioVersion = 17.3.32929.385
MinimumVisualStudioVersion = 10.0.40219.1
Project("{9A19103F-16F7-4668-BE54-9A1E7A4F7556}") = "Minesweeper", "Minesweeper.csproj", "{23AA1F08-C03B-4E52-A389-80C06FA24439}"
EndProject
Project("{FAE04EC0-301F-11D3-BF4B-00C04F79EFBC}") = "MinesweeperTests", "..\MinesweeperTests\MinesweeperTests.csproj", "{FA865EE6-44FA-4877-B3C9-72228420E87E}"
EndProject
Global
	GlobalSection(SolutionConfigurationPlatforms) = preSolution
		Debug|Any CPU = Debug|Any CPU
		Release|Any CPU = Release|Any CPU
	EndGlobalSection
	GlobalSection(ProjectConfigurationPlatforms) = postSolution
		{23AA1F08-C03B-4E52-A389-80C06FA24439}.Debug|Any CPU.ActiveCfg = Debug|Any CPU
		{23AA1F08-C03B-4E52-A389-80C06FA24439}.Release|Any CPU.ActiveCfg = Release|Any CPU
		{23AA1F08-C03B-4E52-A389-80C06FA24439}.Release|Any CPU.Build.0 = Release|Any CPU
		{FA865EE6-44FA-4877-B3C9-72228420E87E}.Debug|Any CPU.ActiveCfg = Debug|Any CPU
		{FA865EE6-44FA-4877-B3C9-72228420E87E}.Release|Any CPU.ActiveCfg = Release|Any CPU
		{FA865EE6-44FA-4877-B3C9-72228420E87E}.Release|Any CPU.Build.0 = Release|Any CPU
	EndGlobalSection
	GlobalSection(SolutionProperties) = preSolution
		HideSolutionNode = FALSE
	EndGlobalSection
	GlobalSection(ExtensibilityGlobals) = postSolution
		SolutionGuid = {0A18BD7A-4A20-45A2-87EA-700BE0E0F0F2}
	EndGlobalSection
EndGlobal
